// !$*UTF8*$!
{
	archiveVersion = 1;
	classes = {
	};
	objectVersion = 50;
	objects = {

/* Begin PBXBuildFile section */
		6BB927C82F1D19A89072B62B /* libPods-Regression.a in Frameworks */ = {isa = PBXBuildFile; fileRef = B180423CBD5449E779A61068 /* libPods-Regression.a */; };
		D98FEF7C225FB53300485966 /* AppDelegate.swift in Sources */ = {isa = PBXBuildFile; fileRef = D98FEF7B225FB53300485966 /* AppDelegate.swift */; };
		D98FEF7E225FB53300485966 /* ViewController.swift in Sources */ = {isa = PBXBuildFile; fileRef = D98FEF7D225FB53300485966 /* ViewController.swift */; };
		D98FEF81225FB53300485966 /* Main.storyboard in Resources */ = {isa = PBXBuildFile; fileRef = D98FEF7F225FB53300485966 /* Main.storyboard */; };
		D98FEF83225FB53400485966 /* Assets.xcassets in Resources */ = {isa = PBXBuildFile; fileRef = D98FEF82225FB53400485966 /* Assets.xcassets */; };
		D98FEF86225FB53400485966 /* LaunchScreen.storyboard in Resources */ = {isa = PBXBuildFile; fileRef = D98FEF84225FB53400485966 /* LaunchScreen.storyboard */; };
/* End PBXBuildFile section */

/* Begin PBXFileReference section */
		8C9F3893319880CD054EA8DF /* Pods-Regression.release.xcconfig */ = {isa = PBXFileReference; includeInIndex = 1; lastKnownFileType = text.xcconfig; name = "Pods-Regression.release.xcconfig"; path = "Target Support Files/Pods-Regression/Pods-Regression.release.xcconfig"; sourceTree = "<group>"; };
		B180423CBD5449E779A61068 /* libPods-Regression.a */ = {isa = PBXFileReference; explicitFileType = archive.ar; includeInIndex = 0; path = "libPods-Regression.a"; sourceTree = BUILT_PRODUCTS_DIR; };
		D98FEF78225FB53300485966 /* Regression.app */ = {isa = PBXFileReference; explicitFileType = wrapper.application; includeInIndex = 0; path = Regression.app; sourceTree = BUILT_PRODUCTS_DIR; };
		D98FEF7B225FB53300485966 /* AppDelegate.swift */ = {isa = PBXFileReference; lastKnownFileType = sourcecode.swift; path = AppDelegate.swift; sourceTree = "<group>"; };
		D98FEF7D225FB53300485966 /* ViewController.swift */ = {isa = PBXFileReference; lastKnownFileType = sourcecode.swift; path = ViewController.swift; sourceTree = "<group>"; };
		D98FEF80225FB53300485966 /* Base */ = {isa = PBXFileReference; lastKnownFileType = file.storyboard; name = Base; path = Base.lproj/Main.storyboard; sourceTree = "<group>"; };
		D98FEF82225FB53400485966 /* Assets.xcassets */ = {isa = PBXFileReference; lastKnownFileType = folder.assetcatalog; path = Assets.xcassets; sourceTree = "<group>"; };
		D98FEF85225FB53400485966 /* Base */ = {isa = PBXFileReference; lastKnownFileType = file.storyboard; name = Base; path = Base.lproj/LaunchScreen.storyboard; sourceTree = "<group>"; };
		D98FEF87225FB53400485966 /* Info.plist */ = {isa = PBXFileReference; lastKnownFileType = text.plist.xml; path = Info.plist; sourceTree = "<group>"; };
		FDDC7910095BB01BB4ECBC0E /* Pods-Regression.debug.xcconfig */ = {isa = PBXFileReference; includeInIndex = 1; lastKnownFileType = text.xcconfig; name = "Pods-Regression.debug.xcconfig"; path = "Target Support Files/Pods-Regression/Pods-Regression.debug.xcconfig"; sourceTree = "<group>"; };
/* End PBXFileReference section */

/* Begin PBXFrameworksBuildPhase section */
		D98FEF75225FB53300485966 /* Frameworks */ = {
			isa = PBXFrameworksBuildPhase;
			buildActionMask = 2147483647;
			files = (
				6BB927C82F1D19A89072B62B /* libPods-Regression.a in Frameworks */,
			);
			runOnlyForDeploymentPostprocessing = 0;
		};
/* End PBXFrameworksBuildPhase section */

/* Begin PBXGroup section */
		90444E5A25C575F60881EB51 /* Pods */ = {
			isa = PBXGroup;
			children = (
				FDDC7910095BB01BB4ECBC0E /* Pods-Regression.debug.xcconfig */,
				8C9F3893319880CD054EA8DF /* Pods-Regression.release.xcconfig */,
			);
			name = Pods;
			path = Pods;
			sourceTree = "<group>";
		};
		D98FEF6F225FB53300485966 = {
			isa = PBXGroup;
			children = (
				D98FEF7A225FB53300485966 /* Regression */,
				D98FEF79225FB53300485966 /* Products */,
				90444E5A25C575F60881EB51 /* Pods */,
				F0B854AFC77553FE89295AC8 /* Frameworks */,
			);
			sourceTree = "<group>";
		};
		D98FEF79225FB53300485966 /* Products */ = {
			isa = PBXGroup;
			children = (
				D98FEF78225FB53300485966 /* Regression.app */,
			);
			name = Products;
			sourceTree = "<group>";
		};
		D98FEF7A225FB53300485966 /* Regression */ = {
			isa = PBXGroup;
			children = (
				D98FEF7B225FB53300485966 /* AppDelegate.swift */,
				D98FEF7D225FB53300485966 /* ViewController.swift */,
				D98FEF7F225FB53300485966 /* Main.storyboard */,
				D98FEF82225FB53400485966 /* Assets.xcassets */,
				D98FEF84225FB53400485966 /* LaunchScreen.storyboard */,
				D98FEF87225FB53400485966 /* Info.plist */,
			);
			path = Regression;
			sourceTree = "<group>";
		};
		F0B854AFC77553FE89295AC8 /* Frameworks */ = {
			isa = PBXGroup;
			children = (
				B180423CBD5449E779A61068 /* libPods-Regression.a */,
			);
			name = Frameworks;
			sourceTree = "<group>";
		};
/* End PBXGroup section */

/* Begin PBXNativeTarget section */
		D98FEF77225FB53300485966 /* Regression */ = {
			isa = PBXNativeTarget;
			buildConfigurationList = D98FEF8A225FB53400485966 /* Build configuration list for PBXNativeTarget "Regression" */;
			buildPhases = (
				18269169315EA08AB6A845D8 /* [CP] Check Pods Manifest.lock */,
				D98FEF74225FB53300485966 /* Sources */,
				D98FEF75225FB53300485966 /* Frameworks */,
				D98FEF76225FB53300485966 /* Resources */,
			);
			buildRules = (
			);
			dependencies = (
			);
			name = Regression;
			productName = Regression;
			productReference = D98FEF78225FB53300485966 /* Regression.app */;
			productType = "com.apple.product-type.application";
		};
/* End PBXNativeTarget section */

/* Begin PBXProject section */
		D98FEF70225FB53300485966 /* Project object */ = {
			isa = PBXProject;
			attributes = {
				LastSwiftUpdateCheck = 1020;
				LastUpgradeCheck = 1020;
				ORGANIZATIONNAME = Example;
				TargetAttributes = {
					D98FEF77225FB53300485966 = {
						CreatedOnToolsVersion = 10.2;
					};
				};
			};
			buildConfigurationList = D98FEF73225FB53300485966 /* Build configuration list for PBXProject "Regression" */;
			compatibilityVersion = "Xcode 9.3";
			developmentRegion = en;
			hasScannedForEncodings = 0;
			knownRegions = (
				en,
				Base,
			);
			mainGroup = D98FEF6F225FB53300485966;
			productRefGroup = D98FEF79225FB53300485966 /* Products */;
			projectDirPath = "";
			projectRoot = "";
			targets = (
				D98FEF77225FB53300485966 /* Regression */,
			);
		};
/* End PBXProject section */

/* Begin PBXResourcesBuildPhase section */
		D98FEF76225FB53300485966 /* Resources */ = {
			isa = PBXResourcesBuildPhase;
			buildActionMask = 2147483647;
			files = (
				D98FEF86225FB53400485966 /* LaunchScreen.storyboard in Resources */,
				D98FEF83225FB53400485966 /* Assets.xcassets in Resources */,
				D98FEF81225FB53300485966 /* Main.storyboard in Resources */,
			);
			runOnlyForDeploymentPostprocessing = 0;
		};
/* End PBXResourcesBuildPhase section */

/* Begin PBXShellScriptBuildPhase section */
		18269169315EA08AB6A845D8 /* [CP] Check Pods Manifest.lock */ = {
			isa = PBXShellScriptBuildPhase;
			buildActionMask = 2147483647;
			files = (
			);
			inputFileListPaths = (
			);
			inputPaths = (
				"${PODS_PODFILE_DIR_PATH}/Podfile.lock",
				"${PODS_ROOT}/Manifest.lock",
			);
			name = "[CP] Check Pods Manifest.lock";
			outputFileListPaths = (
			);
			outputPaths = (
				"$(DERIVED_FILE_DIR)/Pods-Regression-checkManifestLockResult.txt",
			);
			runOnlyForDeploymentPostprocessing = 0;
			shellPath = /bin/sh;
			shellScript = "diff \"${PODS_PODFILE_DIR_PATH}/Podfile.lock\" \"${PODS_ROOT}/Manifest.lock\" > /dev/null\nif [ $? != 0 ] ; then\n    # print error to STDERR\n    echo \"error: The sandbox is not in sync with the Podfile.lock. Run 'pod install' or update your CocoaPods installation.\" >&2\n    exit 1\nfi\n# This output is used by Xcode 'outputs' to avoid re-running this script phase.\necho \"SUCCESS\" > \"${SCRIPT_OUTPUT_FILE_0}\"\n";
			showEnvVarsInLog = 0;
		};
/* End PBXShellScriptBuildPhase section */

/* Begin PBXSourcesBuildPhase section */
		D98FEF74225FB53300485966 /* Sources */ = {
			isa = PBXSourcesBuildPhase;
			buildActionMask = 2147483647;
			files = (
				D98FEF7E225FB53300485966 /* ViewController.swift in Sources */,
				D98FEF7C225FB53300485966 /* AppDelegate.swift in Sources */,
			);
			runOnlyForDeploymentPostprocessing = 0;
		};
/* End PBXSourcesBuildPhase section */

/* Begin PBXVariantGroup section */
		D98FEF7F225FB53300485966 /* Main.storyboard */ = {
			isa = PBXVariantGroup;
			children = (
				D98FEF80225FB53300485966 /* Base */,
			);
			name = Main.storyboard;
			sourceTree = "<group>";
		};
		D98FEF84225FB53400485966 /* LaunchScreen.storyboard */ = {
			isa = PBXVariantGroup;
			children = (
				D98FEF85225FB53400485966 /* Base */,
			);
			name = LaunchScreen.storyboard;
			sourceTree = "<group>";
		};
/* End PBXVariantGroup section */

/* Begin XCBuildConfiguration section */
		D98FEF88225FB53400485966 /* Debug */ = {
			isa = XCBuildConfiguration;
			buildSettings = {
				ALWAYS_SEARCH_USER_PATHS = NO;
				CLANG_ANALYZER_NONNULL = YES;
				CLANG_ANALYZER_NUMBER_OBJECT_CONVERSION = YES_AGGRESSIVE;
				CLANG_CXX_LANGUAGE_STANDARD = "gnu++14";
				CLANG_CXX_LIBRARY = "libc++";
				CLANG_ENABLE_MODULES = YES;
				CLANG_ENABLE_OBJC_ARC = YES;
				CLANG_ENABLE_OBJC_WEAK = YES;
				CLANG_WARN_BLOCK_CAPTURE_AUTORELEASING = YES;
				CLANG_WARN_BOOL_CONVERSION = YES;
				CLANG_WARN_COMMA = YES;
				CLANG_WARN_CONSTANT_CONVERSION = YES;
				CLANG_WARN_DEPRECATED_OBJC_IMPLEMENTATIONS = YES;
				CLANG_WARN_DIRECT_OBJC_ISA_USAGE = YES_ERROR;
				CLANG_WARN_DOCUMENTATION_COMMENTS = YES;
				CLANG_WARN_EMPTY_BODY = YES;
				CLANG_WARN_ENUM_CONVERSION = YES;
				CLANG_WARN_INFINITE_RECURSION = YES;
				CLANG_WARN_INT_CONVERSION = YES;
				CLANG_WARN_NON_LITERAL_NULL_CONVERSION = YES;
				CLANG_WARN_OBJC_IMPLICIT_RETAIN_SELF = YES;
				CLANG_WARN_OBJC_LITERAL_CONVERSION = YES;
				CLANG_WARN_OBJC_ROOT_CLASS = YES_ERROR;
				CLANG_WARN_RANGE_LOOP_ANALYSIS = YES;
				CLANG_WARN_STRICT_PROTOTYPES = YES;
				CLANG_WARN_SUSPICIOUS_MOVE = YES;
				CLANG_WARN_UNGUARDED_AVAILABILITY = YES_AGGRESSIVE;
				CLANG_WARN_UNREACHABLE_CODE = YES;
				CLANG_WARN__DUPLICATE_METHOD_MATCH = YES;
				CODE_SIGN_IDENTITY = "iPhone Developer";
				COPY_PHASE_STRIP = NO;
				DEBUG_INFORMATION_FORMAT = dwarf;
				ENABLE_STRICT_OBJC_MSGSEND = YES;
				ENABLE_TESTABILITY = YES;
				GCC_C_LANGUAGE_STANDARD = gnu11;
				GCC_DYNAMIC_NO_PIC = NO;
				GCC_NO_COMMON_BLOCKS = YES;
				GCC_OPTIMIZATION_LEVEL = 0;
				GCC_PREPROCESSOR_DEFINITIONS = (
					"DEBUG=1",
					"$(inherited)",
				);
				GCC_WARN_64_TO_32_BIT_CONVERSION = YES;
				GCC_WARN_ABOUT_RETURN_TYPE = YES_ERROR;
				GCC_WARN_UNDECLARED_SELECTOR = YES;
				GCC_WARN_UNINITIALIZED_AUTOS = YES_AGGRESSIVE;
				GCC_WARN_UNUSED_FUNCTION = YES;
				GCC_WARN_UNUSED_VARIABLE = YES;
				IPHONEOS_DEPLOYMENT_TARGET = 12.2;
				MTL_ENABLE_DEBUG_INFO = INCLUDE_SOURCE;
				MTL_FAST_MATH = YES;
				ONLY_ACTIVE_ARCH = YES;
				SDKROOT = iphoneos;
				SWIFT_ACTIVE_COMPILATION_CONDITIONS = DEBUG;
				SWIFT_OPTIMIZATION_LEVEL = "-Onone";
			};
			name = Debug;
		};
		D98FEF89225FB53400485966 /* Release */ = {
			isa = XCBuildConfiguration;
			buildSettings = {
				ALWAYS_SEARCH_USER_PATHS = NO;
				CLANG_ANALYZER_NONNULL = YES;
				CLANG_ANALYZER_NUMBER_OBJECT_CONVERSION = YES_AGGRESSIVE;
				CLANG_CXX_LANGUAGE_STANDARD = "gnu++14";
				CLANG_CXX_LIBRARY = "libc++";
				CLANG_ENABLE_MODULES = YES;
				CLANG_ENABLE_OBJC_ARC = YES;
				CLANG_ENABLE_OBJC_WEAK = YES;
				CLANG_WARN_BLOCK_CAPTURE_AUTORELEASING = YES;
				CLANG_WARN_BOOL_CONVERSION = YES;
				CLANG_WARN_COMMA = YES;
				CLANG_WARN_CONSTANT_CONVERSION = YES;
				CLANG_WARN_DEPRECATED_OBJC_IMPLEMENTATIONS = YES;
				CLANG_WARN_DIRECT_OBJC_ISA_USAGE = YES_ERROR;
				CLANG_WARN_DOCUMENTATION_COMMENTS = YES;
				CLANG_WARN_EMPTY_BODY = YES;
				CLANG_WARN_ENUM_CONVERSION = YES;
				CLANG_WARN_INFINITE_RECURSION = YES;
				CLANG_WARN_INT_CONVERSION = YES;
				CLANG_WARN_NON_LITERAL_NULL_CONVERSION = YES;
				CLANG_WARN_OBJC_IMPLICIT_RETAIN_SELF = YES;
				CLANG_WARN_OBJC_LITERAL_CONVERSION = YES;
				CLANG_WARN_OBJC_ROOT_CLASS = YES_ERROR;
				CLANG_WARN_RANGE_LOOP_ANALYSIS = YES;
				CLANG_WARN_STRICT_PROTOTYPES = YES;
				CLANG_WARN_SUSPICIOUS_MOVE = YES;
				CLANG_WARN_UNGUARDED_AVAILABILITY = YES_AGGRESSIVE;
				CLANG_WARN_UNREACHABLE_CODE = YES;
				CLANG_WARN__DUPLICATE_METHOD_MATCH = YES;
				CODE_SIGN_IDENTITY = "iPhone Developer";
				COPY_PHASE_STRIP = NO;
				DEBUG_INFORMATION_FORMAT = "dwarf-with-dsym";
				ENABLE_NS_ASSERTIONS = NO;
				ENABLE_STRICT_OBJC_MSGSEND = YES;
				GCC_C_LANGUAGE_STANDARD = gnu11;
				GCC_NO_COMMON_BLOCKS = YES;
				GCC_WARN_64_TO_32_BIT_CONVERSION = YES;
				GCC_WARN_ABOUT_RETURN_TYPE = YES_ERROR;
				GCC_WARN_UNDECLARED_SELECTOR = YES;
				GCC_WARN_UNINITIALIZED_AUTOS = YES_AGGRESSIVE;
				GCC_WARN_UNUSED_FUNCTION = YES;
				GCC_WARN_UNUSED_VARIABLE = YES;
				IPHONEOS_DEPLOYMENT_TARGET = 12.2;
				MTL_ENABLE_DEBUG_INFO = NO;
				MTL_FAST_MATH = YES;
				SDKROOT = iphoneos;
				SWIFT_COMPILATION_MODE = wholemodule;
				SWIFT_OPTIMIZATION_LEVEL = "-O";
				VALIDATE_PRODUCT = YES;
			};
			name = Release;
		};
		D98FEF8B225FB53400485966 /* Debug */ = {
			isa = XCBuildConfiguration;
			baseConfigurationReference = FDDC7910095BB01BB4ECBC0E /* Pods-Regression.debug.xcconfig */;
			buildSettings = {
				ASSETCATALOG_COMPILER_APPICON_NAME = AppIcon;
				CODE_SIGN_STYLE = Automatic;
				INFOPLIST_FILE = Regression/Info.plist;
				LD_RUNPATH_SEARCH_PATHS = (
					"$(inherited)",
					"@executable_path/Frameworks",
				);
				PRODUCT_BUNDLE_IDENTIFIER = com.example.Regression;
				PRODUCT_NAME = "$(TARGET_NAME)";
				SWIFT_VERSION = 5.0;
				TARGETED_DEVICE_FAMILY = "1,2";
			};
			name = Debug;
		};
		D98FEF8C225FB53400485966 /* Release */ = {
			isa = XCBuildConfiguration;
			baseConfigurationReference = 8C9F3893319880CD054EA8DF /* Pods-Regression.release.xcconfig */;
			buildSettings = {
				ASSETCATALOG_COMPILER_APPICON_NAME = AppIcon;
				CODE_SIGN_STYLE = Automatic;
				INFOPLIST_FILE = Regression/Info.plist;
				LD_RUNPATH_SEARCH_PATHS = (
					"$(inherited)",
					"@executable_path/Frameworks",
				);
				PRODUCT_BUNDLE_IDENTIFIER = com.example.Regression;
				PRODUCT_NAME = "$(TARGET_NAME)";
				SWIFT_VERSION = 5.0;
				TARGETED_DEVICE_FAMILY = "1,2";
			};
			name = Release;
		};
/* End XCBuildConfiguration section */

/* Begin XCConfigurationList section */
		D98FEF73225FB53300485966 /* Build configuration list for PBXProject "Regression" */ = {
			isa = XCConfigurationList;
			buildConfigurations = (
				D98FEF88225FB53400485966 /* Debug */,
				D98FEF89225FB53400485966 /* Release */,
			);
			defaultConfigurationIsVisible = 0;
			defaultConfigurationName = Release;
		};
		D98FEF8A225FB53400485966 /* Build configuration list for PBXNativeTarget "Regression" */ = {
			isa = XCConfigurationList;
			buildConfigurations = (
				D98FEF8B225FB53400485966 /* Debug */,
				D98FEF8C225FB53400485966 /* Release */,
			);
			defaultConfigurationIsVisible = 0;
			defaultConfigurationName = Release;
		};
/* End XCConfigurationList section */
	};
	rootObject = D98FEF70225FB53300485966 /* Project object */;
}
